{
	"requires": true,
	"lockfileVersion": 1,
	"dependencies": {
		"lix": {
			"version": "15.6.0-alpha.4",
			"resolved": "https://registry.npmjs.org/lix/-/lix-15.6.0-alpha.4.tgz",
			"integrity": "sha512-RxJ8qs9Oc+coniDEZa/7mvmxlIcYYa7kzUqrmvLSmgljAWrWtHLQd+LmSbhv0gWfdhQzvZxLr84R1gHZBOUPdQ==",
			"dev": true
		}
	}
}
